
Microsoft Visual Studio Solution File, Format Version 12.00
# Visual Studio 15
VisualStudioVersion = 15.0.27004.2002
MinimumVisualStudioVersion = 10.0.40219.1
Project("{FAE04EC0-301F-11D3-BF4B-00C04F79EFBC}") = "kolkoikrzyzyk", "kolkoikrzyzyk\kolkoikrzyzyk.csproj", "{4A47AFBB-C94C-48FE-B564-0A4BB8CBEF66}"
EndProject
Project("{FAE04EC0-301F-11D3-BF4B-00C04F79EFBC}") = "Test", "Test\Test.csproj", "{8DD3C011-2416-4237-94F0-1D34D46BE2B1}"
EndProject
Project("{54435603-DBB4-11D2-8724-00A0C9A8B90C}") = "Setup", "Setup\Setup.vdproj", "{338EB727-528C-402A-86C7-18B486EF4DF7}"
EndProject
Global
	GlobalSection(SolutionConfigurationPlatforms) = preSolution
		Debug|Any CPU = Debug|Any CPU
		Release|Any CPU = Release|Any CPU
	EndGlobalSection
	GlobalSection(ProjectConfigurationPlatforms) = postSolution
		{4A47AFBB-C94C-48FE-B564-0A4BB8CBEF66}.Debug|Any CPU.ActiveCfg = Debug|Any CPU
		{4A47AFBB-C94C-48FE-B564-0A4BB8CBEF66}.Debug|Any CPU.Build.0 = Debug|Any CPU
		{4A47AFBB-C94C-48FE-B564-0A4BB8CBEF66}.Release|Any CPU.ActiveCfg = Release|Any CPU
		{4A47AFBB-C94C-48FE-B564-0A4BB8CBEF66}.Release|Any CPU.Build.0 = Release|Any CPU
		{8DD3C011-2416-4237-94F0-1D34D46BE2B1}.Debug|Any CPU.ActiveCfg = Debug|Any CPU
		{8DD3C011-2416-4237-94F0-1D34D46BE2B1}.Debug|Any CPU.Build.0 = Debug|Any CPU
		{8DD3C011-2416-4237-94F0-1D34D46BE2B1}.Release|Any CPU.ActiveCfg = Release|Any CPU
		{8DD3C011-2416-4237-94F0-1D34D46BE2B1}.Release|Any CPU.Build.0 = Release|Any CPU
		{338EB727-528C-402A-86C7-18B486EF4DF7}.Debug|Any CPU.ActiveCfg = Debug
		{338EB727-528C-402A-86C7-18B486EF4DF7}.Release|Any CPU.ActiveCfg = Release
	EndGlobalSection
	GlobalSection(SolutionProperties) = preSolution
		HideSolutionNode = FALSE
	EndGlobalSection
	GlobalSection(ExtensibilityGlobals) = postSolution
		SolutionGuid = {B8D37563-C70F-4506-8ABA-40866C8B88D4}
	EndGlobalSection
EndGlobal
