
Microsoft Visual Studio Solution File, Format Version 12.00
# Visual Studio 15
VisualStudioVersion = 15.0.28307.136
MinimumVisualStudioVersion = 10.0.40219.1
Project("{FAE04EC0-301F-11D3-BF4B-00C04F79EFBC}") = "kolkoikrzyzyk", "kolkoikrzyzyk\kolkoikrzyzyk.csproj", "{4A47AFBB-C94C-48FE-B564-0A4BB8CBEF66}"
EndProject
Global
	GlobalSection(SolutionConfigurationPlatforms) = preSolution
		Debug|Any CPU = Debug|Any CPU
		Release|Any CPU = Release|Any CPU
	EndGlobalSection
	GlobalSection(ProjectConfigurationPlatforms) = postSolution
		{4A47AFBB-C94C-48FE-B564-0A4BB8CBEF66}.Debug|Any CPU.ActiveCfg = Debug|Any CPU
		{4A47AFBB-C94C-48FE-B564-0A4BB8CBEF66}.Debug|Any CPU.Build.0 = Debug|Any CPU
		{4A47AFBB-C94C-48FE-B564-0A4BB8CBEF66}.Release|Any CPU.ActiveCfg = Release|Any CPU
		{4A47AFBB-C94C-48FE-B564-0A4BB8CBEF66}.Release|Any CPU.Build.0 = Release|Any CPU
	EndGlobalSection
	GlobalSection(SolutionProperties) = preSolution
		HideSolutionNode = FALSE
	EndGlobalSection
	GlobalSection(ExtensibilityGlobals) = postSolution
		SolutionGuid = {B8D37563-C70F-4506-8ABA-40866C8B88D4}
	EndGlobalSection
EndGlobal
